
Microsoft Visual Studio Solution File, Format Version 10.00
# Visual Studio 2008
Project("{E24C65DC-7377-472B-9ABA-BC803B73C61A}") = "WhartonEWS", ".", "{FBE2C5A4-49C6-4F50-A888-620C166B76B5}"
	ProjectSection(WebsiteProperties) = preProject
		TargetFramework = "3.5"
		Debug.AspNetCompiler.VirtualPath = "/WhartonEWS"
		Debug.AspNetCompiler.PhysicalPath = "..\..\..\..\..\..\workspace\dotnet\WhartonEWS\"
		Debug.AspNetCompiler.TargetPath = "PrecompiledWeb\WhartonEWS\"
		Debug.AspNetCompiler.Updateable = "true"
		Debug.AspNetCompiler.ForceOverwrite = "true"
		Debug.AspNetCompiler.FixedNames = "false"
		Debug.AspNetCompiler.Debug = "True"
		Release.AspNetCompiler.VirtualPath = "/WhartonEWS"
		Release.AspNetCompiler.PhysicalPath = "..\..\..\..\..\..\workspace\dotnet\WhartonEWS\"
		Release.AspNetCompiler.TargetPath = "PrecompiledWeb\WhartonEWS\"
		Release.AspNetCompiler.Updateable = "true"
		Release.AspNetCompiler.ForceOverwrite = "true"
		Release.AspNetCompiler.FixedNames = "false"
		Release.AspNetCompiler.Debug = "False"
		VWDPort = "61898"
	EndProjectSection
EndProject
Global
	GlobalSection(SolutionConfigurationPlatforms) = preSolution
		Debug|.NET = Debug|.NET
	EndGlobalSection
	GlobalSection(ProjectConfigurationPlatforms) = postSolution
		{FBE2C5A4-49C6-4F50-A888-620C166B76B5}.Debug|.NET.ActiveCfg = Debug|.NET
		{FBE2C5A4-49C6-4F50-A888-620C166B76B5}.Debug|.NET.Build.0 = Debug|.NET
	EndGlobalSection
	GlobalSection(SolutionProperties) = preSolution
		HideSolutionNode = FALSE
	EndGlobalSection
EndGlobal
